
Microsoft Visual Studio Solution File, Format Version 12.00
# Visual Studio 2012
Project("{FAE04EC0-301F-11D3-BF4B-00C04F79EFBC}") = "Demo.Core", "Demo.Core\Demo.Core.csproj", "{F3A3E05D-550B-4AB6-AD99-9302EE31BD79}"
EndProject
Project("{FAE04EC0-301F-11D3-BF4B-00C04F79EFBC}") = "Demo.Droid", "Demo.Droid\Demo.Droid.csproj", "{876F76FB-0055-4AEF-B2E4-06226D467AC9}"
EndProject
Project("{FAE04EC0-301F-11D3-BF4B-00C04F79EFBC}") = "Demo.Touch", "Demo.Touch\Demo.Touch.csproj", "{4ADB2552-CA50-4FEF-8876-303BC9EE8159}"
EndProject
Global
	GlobalSection(SolutionConfigurationPlatforms) = preSolution
		Ad-Hoc|Any CPU = Ad-Hoc|Any CPU
		Ad-Hoc|iPhone = Ad-Hoc|iPhone
		Ad-Hoc|iPhoneSimulator = Ad-Hoc|iPhoneSimulator
		Ad-Hoc|Mixed Platforms = Ad-Hoc|Mixed Platforms
		AppStore|Any CPU = AppStore|Any CPU
		AppStore|iPhone = AppStore|iPhone
		AppStore|iPhoneSimulator = AppStore|iPhoneSimulator
		AppStore|Mixed Platforms = AppStore|Mixed Platforms
		Debug|Any CPU = Debug|Any CPU
		Debug|iPhone = Debug|iPhone
		Debug|iPhoneSimulator = Debug|iPhoneSimulator
		Debug|Mixed Platforms = Debug|Mixed Platforms
		Release|Any CPU = Release|Any CPU
		Release|iPhone = Release|iPhone
		Release|iPhoneSimulator = Release|iPhoneSimulator
		Release|Mixed Platforms = Release|Mixed Platforms
	EndGlobalSection
	GlobalSection(ProjectConfigurationPlatforms) = postSolution
		{F3A3E05D-550B-4AB6-AD99-9302EE31BD79}.Ad-Hoc|Any CPU.ActiveCfg = Release|Any CPU
		{F3A3E05D-550B-4AB6-AD99-9302EE31BD79}.Ad-Hoc|Any CPU.Build.0 = Release|Any CPU
		{F3A3E05D-550B-4AB6-AD99-9302EE31BD79}.Ad-Hoc|iPhone.ActiveCfg = Release|Any CPU
		{F3A3E05D-550B-4AB6-AD99-9302EE31BD79}.Ad-Hoc|iPhoneSimulator.ActiveCfg = Release|Any CPU
		{F3A3E05D-550B-4AB6-AD99-9302EE31BD79}.Ad-Hoc|Mixed Platforms.ActiveCfg = Release|Any CPU
		{F3A3E05D-550B-4AB6-AD99-9302EE31BD79}.Ad-Hoc|Mixed Platforms.Build.0 = Release|Any CPU
		{F3A3E05D-550B-4AB6-AD99-9302EE31BD79}.AppStore|Any CPU.ActiveCfg = Release|Any CPU
		{F3A3E05D-550B-4AB6-AD99-9302EE31BD79}.AppStore|Any CPU.Build.0 = Release|Any CPU
		{F3A3E05D-550B-4AB6-AD99-9302EE31BD79}.AppStore|iPhone.ActiveCfg = Release|Any CPU
		{F3A3E05D-550B-4AB6-AD99-9302EE31BD79}.AppStore|iPhoneSimulator.ActiveCfg = Release|Any CPU
		{F3A3E05D-550B-4AB6-AD99-9302EE31BD79}.AppStore|Mixed Platforms.ActiveCfg = Release|Any CPU
		{F3A3E05D-550B-4AB6-AD99-9302EE31BD79}.AppStore|Mixed Platforms.Build.0 = Release|Any CPU
		{F3A3E05D-550B-4AB6-AD99-9302EE31BD79}.Debug|Any CPU.ActiveCfg = Debug|Any CPU
		{F3A3E05D-550B-4AB6-AD99-9302EE31BD79}.Debug|Any CPU.Build.0 = Debug|Any CPU
		{F3A3E05D-550B-4AB6-AD99-9302EE31BD79}.Debug|iPhone.ActiveCfg = Debug|Any CPU
		{F3A3E05D-550B-4AB6-AD99-9302EE31BD79}.Debug|iPhoneSimulator.ActiveCfg = Debug|Any CPU
		{F3A3E05D-550B-4AB6-AD99-9302EE31BD79}.Debug|Mixed Platforms.ActiveCfg = Debug|Any CPU
		{F3A3E05D-550B-4AB6-AD99-9302EE31BD79}.Debug|Mixed Platforms.Build.0 = Debug|Any CPU
		{F3A3E05D-550B-4AB6-AD99-9302EE31BD79}.Release|Any CPU.ActiveCfg = Release|Any CPU
		{F3A3E05D-550B-4AB6-AD99-9302EE31BD79}.Release|Any CPU.Build.0 = Release|Any CPU
		{F3A3E05D-550B-4AB6-AD99-9302EE31BD79}.Release|iPhone.ActiveCfg = Release|Any CPU
		{F3A3E05D-550B-4AB6-AD99-9302EE31BD79}.Release|iPhoneSimulator.ActiveCfg = Release|Any CPU
		{F3A3E05D-550B-4AB6-AD99-9302EE31BD79}.Release|Mixed Platforms.ActiveCfg = Release|Any CPU
		{F3A3E05D-550B-4AB6-AD99-9302EE31BD79}.Release|Mixed Platforms.Build.0 = Release|Any CPU
		{876F76FB-0055-4AEF-B2E4-06226D467AC9}.Ad-Hoc|Any CPU.ActiveCfg = Release|Any CPU
		{876F76FB-0055-4AEF-B2E4-06226D467AC9}.Ad-Hoc|Any CPU.Build.0 = Release|Any CPU
		{876F76FB-0055-4AEF-B2E4-06226D467AC9}.Ad-Hoc|Any CPU.Deploy.0 = Release|Any CPU
		{876F76FB-0055-4AEF-B2E4-06226D467AC9}.Ad-Hoc|iPhone.ActiveCfg = Release|Any CPU
		{876F76FB-0055-4AEF-B2E4-06226D467AC9}.Ad-Hoc|iPhoneSimulator.ActiveCfg = Release|Any CPU
		{876F76FB-0055-4AEF-B2E4-06226D467AC9}.Ad-Hoc|Mixed Platforms.ActiveCfg = Release|Any CPU
		{876F76FB-0055-4AEF-B2E4-06226D467AC9}.Ad-Hoc|Mixed Platforms.Build.0 = Release|Any CPU
		{876F76FB-0055-4AEF-B2E4-06226D467AC9}.Ad-Hoc|Mixed Platforms.Deploy.0 = Release|Any CPU
		{876F76FB-0055-4AEF-B2E4-06226D467AC9}.AppStore|Any CPU.ActiveCfg = Release|Any CPU
		{876F76FB-0055-4AEF-B2E4-06226D467AC9}.AppStore|Any CPU.Build.0 = Release|Any CPU
		{876F76FB-0055-4AEF-B2E4-06226D467AC9}.AppStore|Any CPU.Deploy.0 = Release|Any CPU
		{876F76FB-0055-4AEF-B2E4-06226D467AC9}.AppStore|iPhone.ActiveCfg = Release|Any CPU
		{876F76FB-0055-4AEF-B2E4-06226D467AC9}.AppStore|iPhoneSimulator.ActiveCfg = Release|Any CPU
		{876F76FB-0055-4AEF-B2E4-06226D467AC9}.AppStore|Mixed Platforms.ActiveCfg = Release|Any CPU
		{876F76FB-0055-4AEF-B2E4-06226D467AC9}.AppStore|Mixed Platforms.Build.0 = Release|Any CPU
		{876F76FB-0055-4AEF-B2E4-06226D467AC9}.AppStore|Mixed Platforms.Deploy.0 = Release|Any CPU
		{876F76FB-0055-4AEF-B2E4-06226D467AC9}.Debug|Any CPU.ActiveCfg = Debug|Any CPU
		{876F76FB-0055-4AEF-B2E4-06226D467AC9}.Debug|Any CPU.Build.0 = Debug|Any CPU
		{876F76FB-0055-4AEF-B2E4-06226D467AC9}.Debug|Any CPU.Deploy.0 = Debug|Any CPU
		{876F76FB-0055-4AEF-B2E4-06226D467AC9}.Debug|iPhone.ActiveCfg = Debug|Any CPU
		{876F76FB-0055-4AEF-B2E4-06226D467AC9}.Debug|iPhoneSimulator.ActiveCfg = Debug|Any CPU
		{876F76FB-0055-4AEF-B2E4-06226D467AC9}.Debug|Mixed Platforms.ActiveCfg = Debug|Any CPU
		{876F76FB-0055-4AEF-B2E4-06226D467AC9}.Debug|Mixed Platforms.Build.0 = Debug|Any CPU
		{876F76FB-0055-4AEF-B2E4-06226D467AC9}.Debug|Mixed Platforms.Deploy.0 = Debug|Any CPU
		{876F76FB-0055-4AEF-B2E4-06226D467AC9}.Release|Any CPU.ActiveCfg = Release|Any CPU
		{876F76FB-0055-4AEF-B2E4-06226D467AC9}.Release|Any CPU.Build.0 = Release|Any CPU
		{876F76FB-0055-4AEF-B2E4-06226D467AC9}.Release|Any CPU.Deploy.0 = Release|Any CPU
		{876F76FB-0055-4AEF-B2E4-06226D467AC9}.Release|iPhone.ActiveCfg = Release|Any CPU
		{876F76FB-0055-4AEF-B2E4-06226D467AC9}.Release|iPhoneSimulator.ActiveCfg = Release|Any CPU
		{876F76FB-0055-4AEF-B2E4-06226D467AC9}.Release|Mixed Platforms.ActiveCfg = Release|Any CPU
		{876F76FB-0055-4AEF-B2E4-06226D467AC9}.Release|Mixed Platforms.Build.0 = Release|Any CPU
		{876F76FB-0055-4AEF-B2E4-06226D467AC9}.Release|Mixed Platforms.Deploy.0 = Release|Any CPU
		{4ADB2552-CA50-4FEF-8876-303BC9EE8159}.Ad-Hoc|Any CPU.ActiveCfg = Ad-Hoc|iPhone
		{4ADB2552-CA50-4FEF-8876-303BC9EE8159}.Ad-Hoc|iPhone.ActiveCfg = Ad-Hoc|iPhone
		{4ADB2552-CA50-4FEF-8876-303BC9EE8159}.Ad-Hoc|iPhone.Build.0 = Ad-Hoc|iPhone
		{4ADB2552-CA50-4FEF-8876-303BC9EE8159}.Ad-Hoc|iPhoneSimulator.ActiveCfg = Ad-Hoc|iPhoneSimulator
		{4ADB2552-CA50-4FEF-8876-303BC9EE8159}.Ad-Hoc|iPhoneSimulator.Build.0 = Ad-Hoc|iPhoneSimulator
		{4ADB2552-CA50-4FEF-8876-303BC9EE8159}.Ad-Hoc|Mixed Platforms.ActiveCfg = Ad-Hoc|iPhone
		{4ADB2552-CA50-4FEF-8876-303BC9EE8159}.Ad-Hoc|Mixed Platforms.Build.0 = Ad-Hoc|iPhone
		{4ADB2552-CA50-4FEF-8876-303BC9EE8159}.AppStore|Any CPU.ActiveCfg = AppStore|iPhone
		{4ADB2552-CA50-4FEF-8876-303BC9EE8159}.AppStore|iPhone.ActiveCfg = AppStore|iPhone
		{4ADB2552-CA50-4FEF-8876-303BC9EE8159}.AppStore|iPhone.Build.0 = AppStore|iPhone
		{4ADB2552-CA50-4FEF-8876-303BC9EE8159}.AppStore|iPhoneSimulator.ActiveCfg = AppStore|iPhoneSimulator
		{4ADB2552-CA50-4FEF-8876-303BC9EE8159}.AppStore|iPhoneSimulator.Build.0 = AppStore|iPhoneSimulator
		{4ADB2552-CA50-4FEF-8876-303BC9EE8159}.AppStore|Mixed Platforms.ActiveCfg = AppStore|iPhone
		{4ADB2552-CA50-4FEF-8876-303BC9EE8159}.AppStore|Mixed Platforms.Build.0 = AppStore|iPhone
		{4ADB2552-CA50-4FEF-8876-303BC9EE8159}.Debug|Any CPU.ActiveCfg = Debug|iPhone
		{4ADB2552-CA50-4FEF-8876-303BC9EE8159}.Debug|iPhone.ActiveCfg = Debug|iPhone
		{4ADB2552-CA50-4FEF-8876-303BC9EE8159}.Debug|iPhone.Build.0 = Debug|iPhone
		{4ADB2552-CA50-4FEF-8876-303BC9EE8159}.Debug|iPhoneSimulator.ActiveCfg = Debug|iPhoneSimulator
		{4ADB2552-CA50-4FEF-8876-303BC9EE8159}.Debug|iPhoneSimulator.Build.0 = Debug|iPhoneSimulator
		{4ADB2552-CA50-4FEF-8876-303BC9EE8159}.Debug|Mixed Platforms.ActiveCfg = Debug|iPhone
		{4ADB2552-CA50-4FEF-8876-303BC9EE8159}.Debug|Mixed Platforms.Build.0 = Debug|iPhone
		{4ADB2552-CA50-4FEF-8876-303BC9EE8159}.Release|Any CPU.ActiveCfg = Release|iPhone
		{4ADB2552-CA50-4FEF-8876-303BC9EE8159}.Release|iPhone.ActiveCfg = Release|iPhone
		{4ADB2552-CA50-4FEF-8876-303BC9EE8159}.Release|iPhone.Build.0 = Release|iPhone
		{4ADB2552-CA50-4FEF-8876-303BC9EE8159}.Release|iPhoneSimulator.ActiveCfg = Release|iPhoneSimulator
		{4ADB2552-CA50-4FEF-8876-303BC9EE8159}.Release|iPhoneSimulator.Build.0 = Release|iPhoneSimulator
		{4ADB2552-CA50-4FEF-8876-303BC9EE8159}.Release|Mixed Platforms.ActiveCfg = Release|iPhone
		{4ADB2552-CA50-4FEF-8876-303BC9EE8159}.Release|Mixed Platforms.Build.0 = Release|iPhone
	EndGlobalSection
	GlobalSection(SolutionProperties) = preSolution
		HideSolutionNode = FALSE
	EndGlobalSection
EndGlobal
